
Microsoft Visual Studio Solution File, Format Version 12.00
# Visual Studio Version 17
VisualStudioVersion = 17.13.35617.110
MinimumVisualStudioVersion = 10.0.40219.1
Project("{FAE04EC0-301F-11D3-BF4B-00C04F79EFBC}") = "NetFirewall.AppHost", "NetFirewall.AppHost\NetFirewall.AppHost.csproj", "{D4DF57A3-4599-411B-A72D-58D60CD87510}"
EndProject
Project("{FAE04EC0-301F-11D3-BF4B-00C04F79EFBC}") = "NetFirewall.ServiceDefaults", "NetFirewall.ServiceDefaults\NetFirewall.ServiceDefaults.csproj", "{44E660FF-B4BB-304E-CFE9-3F42C89452D7}"
EndProject
Project("{FAE04EC0-301F-11D3-BF4B-00C04F79EFBC}") = "NetFirewall.ApiService", "NetFirewall.ApiService\NetFirewall.ApiService.csproj", "{351BFA5B-F2B9-69FE-FE70-771FAD0AC7CC}"
EndProject
Project("{FAE04EC0-301F-11D3-BF4B-00C04F79EFBC}") = "NetFirewall.Tests", "NetFirewall.Tests\NetFirewall.Tests.csproj", "{45C94220-B77B-FB0C-D56C-E046A323E480}"
EndProject
Project("{FAE04EC0-301F-11D3-BF4B-00C04F79EFBC}") = "NetFirewall.DhcpServer", "NetFirewall.DhcpServer\NetFirewall.DhcpServer.csproj", "{3ACEF926-ED12-B639-AC0D-64E64A61A49F}"
EndProject
Project("{FAE04EC0-301F-11D3-BF4B-00C04F79EFBC}") = "NetFirewall.Services", "NetFirewall.Services\NetFirewall.Services.csproj", "{CA0779DD-169F-4B26-82B9-6B88BC489860}"
EndProject
Project("{FAE04EC0-301F-11D3-BF4B-00C04F79EFBC}") = "NetFirewall.Models", "NetFirewall.Models\NetFirewall.Models.csproj", "{0EA0CAD8-E77A-4DFF-B8D3-69DC0CA0E186}"
EndProject
Project("{FAE04EC0-301F-11D3-BF4B-00C04F79EFBC}") = "NetFirewall.WanMonitor", "NetFirewall.WanMonitor\NetFirewall.WanMonitor.csproj", "{D6210B46-EEF6-40FE-911A-1E13AFCCAEDC}"
EndProject
Project("{2150E333-8FDC-42A3-9474-1A3956D46DE8}") = "Solution Items", "Solution Items", "{7AAAE18F-8533-4C4D-A528-39E1A324EBDF}"
	ProjectSection(SolutionItems) = preProject
		compose.yaml = compose.yaml
	EndProjectSection
EndProject
Project("{FAE04EC0-301F-11D3-BF4B-00C04F79EFBC}") = "NetFirewall.Web", "NetFirewall.Web\NetFirewall.Web.csproj", "{447797D8-1917-4759-ACC8-06AED2FCF862}"
EndProject
Project("{FAE04EC0-301F-11D3-BF4B-00C04F79EFBC}") = "NetFirewall.Migrations", "NetFirewall.Migrations\NetFirewall.Migrations.csproj", "{46367DC9-35CC-4AA3-ADFE-6E1597266A4B}"
EndProject
Project("{FAE04EC0-301F-11D3-BF4B-00C04F79EFBC}") = "NetFirewall.Daemon", "NetFirewall.Daemon\NetFirewall.Daemon.csproj", "{89772D5B-9105-4B36-A7C0-9F56EC5633EB}"
EndProject
Project("{FAE04EC0-301F-11D3-BF4B-00C04F79EFBC}") = "NetFirewall.Benchmarks", "NetFirewall.Benchmarks\NetFirewall.Benchmarks.csproj", "{B7390165-8821-403E-9302-9142B9142946}"
EndProject
Project("{FAE04EC0-301F-11D3-BF4B-00C04F79EFBC}") = "NetFirewall.Tui", "NetFirewall.Tui\NetFirewall.Tui.csproj", "{289FAC62-5ADC-484F-889F-521994B07FAD}"
EndProject
Global
	GlobalSection(SolutionConfigurationPlatforms) = preSolution
		Debug|Any CPU = Debug|Any CPU
		Debug|x64 = Debug|x64
		Debug|x86 = Debug|x86
		Release|Any CPU = Release|Any CPU
		Release|x64 = Release|x64
		Release|x86 = Release|x86
	EndGlobalSection
	GlobalSection(ProjectConfigurationPlatforms) = postSolution
		{D4DF57A3-4599-411B-A72D-58D60CD87510}.Debug|Any CPU.ActiveCfg = Debug|Any CPU
		{D4DF57A3-4599-411B-A72D-58D60CD87510}.Debug|Any CPU.Build.0 = Debug|Any CPU
		{D4DF57A3-4599-411B-A72D-58D60CD87510}.Debug|x64.ActiveCfg = Debug|Any CPU
		{D4DF57A3-4599-411B-A72D-58D60CD87510}.Debug|x64.Build.0 = Debug|Any CPU
		{D4DF57A3-4599-411B-A72D-58D60CD87510}.Debug|x86.ActiveCfg = Debug|Any CPU
		{D4DF57A3-4599-411B-A72D-58D60CD87510}.Debug|x86.Build.0 = Debug|Any CPU
		{D4DF57A3-4599-411B-A72D-58D60CD87510}.Release|Any CPU.ActiveCfg = Release|Any CPU
		{D4DF57A3-4599-411B-A72D-58D60CD87510}.Release|Any CPU.Build.0 = Release|Any CPU
		{D4DF57A3-4599-411B-A72D-58D60CD87510}.Release|x64.ActiveCfg = Release|Any CPU
		{D4DF57A3-4599-411B-A72D-58D60CD87510}.Release|x64.Build.0 = Release|Any CPU
		{D4DF57A3-4599-411B-A72D-58D60CD87510}.Release|x86.ActiveCfg = Release|Any CPU
		{D4DF57A3-4599-411B-A72D-58D60CD87510}.Release|x86.Build.0 = Release|Any CPU
		{44E660FF-B4BB-304E-CFE9-3F42C89452D7}.Debug|Any CPU.ActiveCfg = Debug|Any CPU
		{44E660FF-B4BB-304E-CFE9-3F42C89452D7}.Debug|Any CPU.Build.0 = Debug|Any CPU
		{44E660FF-B4BB-304E-CFE9-3F42C89452D7}.Debug|x64.ActiveCfg = Debug|Any CPU
		{44E660FF-B4BB-304E-CFE9-3F42C89452D7}.Debug|x64.Build.0 = Debug|Any CPU
		{44E660FF-B4BB-304E-CFE9-3F42C89452D7}.Debug|x86.ActiveCfg = Debug|Any CPU
		{44E660FF-B4BB-304E-CFE9-3F42C89452D7}.Debug|x86.Build.0 = Debug|Any CPU
		{44E660FF-B4BB-304E-CFE9-3F42C89452D7}.Release|Any CPU.ActiveCfg = Release|Any CPU
		{44E660FF-B4BB-304E-CFE9-3F42C89452D7}.Release|Any CPU.Build.0 = Release|Any CPU
		{44E660FF-B4BB-304E-CFE9-3F42C89452D7}.Release|x64.ActiveCfg = Release|Any CPU
		{44E660FF-B4BB-304E-CFE9-3F42C89452D7}.Release|x64.Build.0 = Release|Any CPU
		{44E660FF-B4BB-304E-CFE9-3F42C89452D7}.Release|x86.ActiveCfg = Release|Any CPU
		{44E660FF-B4BB-304E-CFE9-3F42C89452D7}.Release|x86.Build.0 = Release|Any CPU
		{351BFA5B-F2B9-69FE-FE70-771FAD0AC7CC}.Debug|Any CPU.ActiveCfg = Debug|Any CPU
		{351BFA5B-F2B9-69FE-FE70-771FAD0AC7CC}.Debug|Any CPU.Build.0 = Debug|Any CPU
		{351BFA5B-F2B9-69FE-FE70-771FAD0AC7CC}.Debug|x64.ActiveCfg = Debug|Any CPU
		{351BFA5B-F2B9-69FE-FE70-771FAD0AC7CC}.Debug|x64.Build.0 = Debug|Any CPU
		{351BFA5B-F2B9-69FE-FE70-771FAD0AC7CC}.Debug|x86.ActiveCfg = Debug|Any CPU
		{351BFA5B-F2B9-69FE-FE70-771FAD0AC7CC}.Debug|x86.Build.0 = Debug|Any CPU
		{351BFA5B-F2B9-69FE-FE70-771FAD0AC7CC}.Release|Any CPU.ActiveCfg = Release|Any CPU
		{351BFA5B-F2B9-69FE-FE70-771FAD0AC7CC}.Release|Any CPU.Build.0 = Release|Any CPU
		{351BFA5B-F2B9-69FE-FE70-771FAD0AC7CC}.Release|x64.ActiveCfg = Release|Any CPU
		{351BFA5B-F2B9-69FE-FE70-771FAD0AC7CC}.Release|x64.Build.0 = Release|Any CPU
		{351BFA5B-F2B9-69FE-FE70-771FAD0AC7CC}.Release|x86.ActiveCfg = Release|Any CPU
		{351BFA5B-F2B9-69FE-FE70-771FAD0AC7CC}.Release|x86.Build.0 = Release|Any CPU
		{45C94220-B77B-FB0C-D56C-E046A323E480}.Debug|Any CPU.ActiveCfg = Debug|Any CPU
		{45C94220-B77B-FB0C-D56C-E046A323E480}.Debug|Any CPU.Build.0 = Debug|Any CPU
		{45C94220-B77B-FB0C-D56C-E046A323E480}.Debug|x64.ActiveCfg = Debug|Any CPU
		{45C94220-B77B-FB0C-D56C-E046A323E480}.Debug|x64.Build.0 = Debug|Any CPU
		{45C94220-B77B-FB0C-D56C-E046A323E480}.Debug|x86.ActiveCfg = Debug|Any CPU
		{45C94220-B77B-FB0C-D56C-E046A323E480}.Debug|x86.Build.0 = Debug|Any CPU
		{45C94220-B77B-FB0C-D56C-E046A323E480}.Release|Any CPU.ActiveCfg = Release|Any CPU
		{45C94220-B77B-FB0C-D56C-E046A323E480}.Release|Any CPU.Build.0 = Release|Any CPU
		{45C94220-B77B-FB0C-D56C-E046A323E480}.Release|x64.ActiveCfg = Release|Any CPU
		{45C94220-B77B-FB0C-D56C-E046A323E480}.Release|x64.Build.0 = Release|Any CPU
		{45C94220-B77B-FB0C-D56C-E046A323E480}.Release|x86.ActiveCfg = Release|Any CPU
		{45C94220-B77B-FB0C-D56C-E046A323E480}.Release|x86.Build.0 = Release|Any CPU
		{3ACEF926-ED12-B639-AC0D-64E64A61A49F}.Debug|Any CPU.ActiveCfg = Debug|Any CPU
		{3ACEF926-ED12-B639-AC0D-64E64A61A49F}.Debug|Any CPU.Build.0 = Debug|Any CPU
		{3ACEF926-ED12-B639-AC0D-64E64A61A49F}.Debug|x64.ActiveCfg = Debug|Any CPU
		{3ACEF926-ED12-B639-AC0D-64E64A61A49F}.Debug|x64.Build.0 = Debug|Any CPU
		{3ACEF926-ED12-B639-AC0D-64E64A61A49F}.Debug|x86.ActiveCfg = Debug|Any CPU
		{3ACEF926-ED12-B639-AC0D-64E64A61A49F}.Debug|x86.Build.0 = Debug|Any CPU
		{3ACEF926-ED12-B639-AC0D-64E64A61A49F}.Release|Any CPU.ActiveCfg = Release|Any CPU
		{3ACEF926-ED12-B639-AC0D-64E64A61A49F}.Release|Any CPU.Build.0 = Release|Any CPU
		{3ACEF926-ED12-B639-AC0D-64E64A61A49F}.Release|x64.ActiveCfg = Release|Any CPU
		{3ACEF926-ED12-B639-AC0D-64E64A61A49F}.Release|x64.Build.0 = Release|Any CPU
		{3ACEF926-ED12-B639-AC0D-64E64A61A49F}.Release|x86.ActiveCfg = Release|Any CPU
		{3ACEF926-ED12-B639-AC0D-64E64A61A49F}.Release|x86.Build.0 = Release|Any CPU
		{CA0779DD-169F-4B26-82B9-6B88BC489860}.Debug|Any CPU.ActiveCfg = Debug|Any CPU
		{CA0779DD-169F-4B26-82B9-6B88BC489860}.Debug|Any CPU.Build.0 = Debug|Any CPU
		{CA0779DD-169F-4B26-82B9-6B88BC489860}.Debug|x64.ActiveCfg = Debug|Any CPU
		{CA0779DD-169F-4B26-82B9-6B88BC489860}.Debug|x64.Build.0 = Debug|Any CPU
		{CA0779DD-169F-4B26-82B9-6B88BC489860}.Debug|x86.ActiveCfg = Debug|Any CPU
		{CA0779DD-169F-4B26-82B9-6B88BC489860}.Debug|x86.Build.0 = Debug|Any CPU
		{CA0779DD-169F-4B26-82B9-6B88BC489860}.Release|Any CPU.ActiveCfg = Release|Any CPU
		{CA0779DD-169F-4B26-82B9-6B88BC489860}.Release|Any CPU.Build.0 = Release|Any CPU
		{CA0779DD-169F-4B26-82B9-6B88BC489860}.Release|x64.ActiveCfg = Release|Any CPU
		{CA0779DD-169F-4B26-82B9-6B88BC489860}.Release|x64.Build.0 = Release|Any CPU
		{CA0779DD-169F-4B26-82B9-6B88BC489860}.Release|x86.ActiveCfg = Release|Any CPU
		{CA0779DD-169F-4B26-82B9-6B88BC489860}.Release|x86.Build.0 = Release|Any CPU
		{0EA0CAD8-E77A-4DFF-B8D3-69DC0CA0E186}.Debug|Any CPU.ActiveCfg = Debug|Any CPU
		{0EA0CAD8-E77A-4DFF-B8D3-69DC0CA0E186}.Debug|Any CPU.Build.0 = Debug|Any CPU
		{0EA0CAD8-E77A-4DFF-B8D3-69DC0CA0E186}.Debug|x64.ActiveCfg = Debug|Any CPU
		{0EA0CAD8-E77A-4DFF-B8D3-69DC0CA0E186}.Debug|x64.Build.0 = Debug|Any CPU
		{0EA0CAD8-E77A-4DFF-B8D3-69DC0CA0E186}.Debug|x86.ActiveCfg = Debug|Any CPU
		{0EA0CAD8-E77A-4DFF-B8D3-69DC0CA0E186}.Debug|x86.Build.0 = Debug|Any CPU
		{0EA0CAD8-E77A-4DFF-B8D3-69DC0CA0E186}.Release|Any CPU.ActiveCfg = Release|Any CPU
		{0EA0CAD8-E77A-4DFF-B8D3-69DC0CA0E186}.Release|Any CPU.Build.0 = Release|Any CPU
		{0EA0CAD8-E77A-4DFF-B8D3-69DC0CA0E186}.Release|x64.ActiveCfg = Release|Any CPU
		{0EA0CAD8-E77A-4DFF-B8D3-69DC0CA0E186}.Release|x64.Build.0 = Release|Any CPU
		{0EA0CAD8-E77A-4DFF-B8D3-69DC0CA0E186}.Release|x86.ActiveCfg = Release|Any CPU
		{0EA0CAD8-E77A-4DFF-B8D3-69DC0CA0E186}.Release|x86.Build.0 = Release|Any CPU
		{D6210B46-EEF6-40FE-911A-1E13AFCCAEDC}.Debug|Any CPU.ActiveCfg = Debug|Any CPU
		{D6210B46-EEF6-40FE-911A-1E13AFCCAEDC}.Debug|Any CPU.Build.0 = Debug|Any CPU
		{D6210B46-EEF6-40FE-911A-1E13AFCCAEDC}.Debug|x64.ActiveCfg = Debug|Any CPU
		{D6210B46-EEF6-40FE-911A-1E13AFCCAEDC}.Debug|x64.Build.0 = Debug|Any CPU
		{D6210B46-EEF6-40FE-911A-1E13AFCCAEDC}.Debug|x86.ActiveCfg = Debug|Any CPU
		{D6210B46-EEF6-40FE-911A-1E13AFCCAEDC}.Debug|x86.Build.0 = Debug|Any CPU
		{D6210B46-EEF6-40FE-911A-1E13AFCCAEDC}.Release|Any CPU.ActiveCfg = Release|Any CPU
		{D6210B46-EEF6-40FE-911A-1E13AFCCAEDC}.Release|Any CPU.Build.0 = Release|Any CPU
		{D6210B46-EEF6-40FE-911A-1E13AFCCAEDC}.Release|x64.ActiveCfg = Release|Any CPU
		{D6210B46-EEF6-40FE-911A-1E13AFCCAEDC}.Release|x64.Build.0 = Release|Any CPU
		{D6210B46-EEF6-40FE-911A-1E13AFCCAEDC}.Release|x86.ActiveCfg = Release|Any CPU
		{D6210B46-EEF6-40FE-911A-1E13AFCCAEDC}.Release|x86.Build.0 = Release|Any CPU
		{447797D8-1917-4759-ACC8-06AED2FCF862}.Debug|Any CPU.ActiveCfg = Debug|Any CPU
		{447797D8-1917-4759-ACC8-06AED2FCF862}.Debug|Any CPU.Build.0 = Debug|Any CPU
		{447797D8-1917-4759-ACC8-06AED2FCF862}.Debug|x64.ActiveCfg = Debug|Any CPU
		{447797D8-1917-4759-ACC8-06AED2FCF862}.Debug|x64.Build.0 = Debug|Any CPU
		{447797D8-1917-4759-ACC8-06AED2FCF862}.Debug|x86.ActiveCfg = Debug|Any CPU
		{447797D8-1917-4759-ACC8-06AED2FCF862}.Debug|x86.Build.0 = Debug|Any CPU
		{447797D8-1917-4759-ACC8-06AED2FCF862}.Release|Any CPU.ActiveCfg = Release|Any CPU
		{447797D8-1917-4759-ACC8-06AED2FCF862}.Release|Any CPU.Build.0 = Release|Any CPU
		{447797D8-1917-4759-ACC8-06AED2FCF862}.Release|x64.ActiveCfg = Release|Any CPU
		{447797D8-1917-4759-ACC8-06AED2FCF862}.Release|x64.Build.0 = Release|Any CPU
		{447797D8-1917-4759-ACC8-06AED2FCF862}.Release|x86.ActiveCfg = Release|Any CPU
		{447797D8-1917-4759-ACC8-06AED2FCF862}.Release|x86.Build.0 = Release|Any CPU
		{46367DC9-35CC-4AA3-ADFE-6E1597266A4B}.Debug|Any CPU.ActiveCfg = Debug|Any CPU
		{46367DC9-35CC-4AA3-ADFE-6E1597266A4B}.Debug|Any CPU.Build.0 = Debug|Any CPU
		{46367DC9-35CC-4AA3-ADFE-6E1597266A4B}.Debug|x64.ActiveCfg = Debug|Any CPU
		{46367DC9-35CC-4AA3-ADFE-6E1597266A4B}.Debug|x64.Build.0 = Debug|Any CPU
		{46367DC9-35CC-4AA3-ADFE-6E1597266A4B}.Debug|x86.ActiveCfg = Debug|Any CPU
		{46367DC9-35CC-4AA3-ADFE-6E1597266A4B}.Debug|x86.Build.0 = Debug|Any CPU
		{46367DC9-35CC-4AA3-ADFE-6E1597266A4B}.Release|Any CPU.ActiveCfg = Release|Any CPU
		{46367DC9-35CC-4AA3-ADFE-6E1597266A4B}.Release|Any CPU.Build.0 = Release|Any CPU
		{46367DC9-35CC-4AA3-ADFE-6E1597266A4B}.Release|x64.ActiveCfg = Release|Any CPU
		{46367DC9-35CC-4AA3-ADFE-6E1597266A4B}.Release|x64.Build.0 = Release|Any CPU
		{46367DC9-35CC-4AA3-ADFE-6E1597266A4B}.Release|x86.ActiveCfg = Release|Any CPU
		{46367DC9-35CC-4AA3-ADFE-6E1597266A4B}.Release|x86.Build.0 = Release|Any CPU
		{89772D5B-9105-4B36-A7C0-9F56EC5633EB}.Debug|Any CPU.ActiveCfg = Debug|Any CPU
		{89772D5B-9105-4B36-A7C0-9F56EC5633EB}.Debug|Any CPU.Build.0 = Debug|Any CPU
		{89772D5B-9105-4B36-A7C0-9F56EC5633EB}.Debug|x64.ActiveCfg = Debug|Any CPU
		{89772D5B-9105-4B36-A7C0-9F56EC5633EB}.Debug|x64.Build.0 = Debug|Any CPU
		{89772D5B-9105-4B36-A7C0-9F56EC5633EB}.Debug|x86.ActiveCfg = Debug|Any CPU
		{89772D5B-9105-4B36-A7C0-9F56EC5633EB}.Debug|x86.Build.0 = Debug|Any CPU
		{89772D5B-9105-4B36-A7C0-9F56EC5633EB}.Release|Any CPU.ActiveCfg = Release|Any CPU
		{89772D5B-9105-4B36-A7C0-9F56EC5633EB}.Release|Any CPU.Build.0 = Release|Any CPU
		{89772D5B-9105-4B36-A7C0-9F56EC5633EB}.Release|x64.ActiveCfg = Release|Any CPU
		{89772D5B-9105-4B36-A7C0-9F56EC5633EB}.Release|x64.Build.0 = Release|Any CPU
		{89772D5B-9105-4B36-A7C0-9F56EC5633EB}.Release|x86.ActiveCfg = Release|Any CPU
		{89772D5B-9105-4B36-A7C0-9F56EC5633EB}.Release|x86.Build.0 = Release|Any CPU
		{B7390165-8821-403E-9302-9142B9142946}.Debug|Any CPU.ActiveCfg = Debug|Any CPU
		{B7390165-8821-403E-9302-9142B9142946}.Debug|Any CPU.Build.0 = Debug|Any CPU
		{B7390165-8821-403E-9302-9142B9142946}.Debug|x64.ActiveCfg = Debug|Any CPU
		{B7390165-8821-403E-9302-9142B9142946}.Debug|x64.Build.0 = Debug|Any CPU
		{B7390165-8821-403E-9302-9142B9142946}.Debug|x86.ActiveCfg = Debug|Any CPU
		{B7390165-8821-403E-9302-9142B9142946}.Debug|x86.Build.0 = Debug|Any CPU
		{B7390165-8821-403E-9302-9142B9142946}.Release|Any CPU.ActiveCfg = Release|Any CPU
		{B7390165-8821-403E-9302-9142B9142946}.Release|Any CPU.Build.0 = Release|Any CPU
		{B7390165-8821-403E-9302-9142B9142946}.Release|x64.ActiveCfg = Release|Any CPU
		{B7390165-8821-403E-9302-9142B9142946}.Release|x64.Build.0 = Release|Any CPU
		{B7390165-8821-403E-9302-9142B9142946}.Release|x86.ActiveCfg = Release|Any CPU
		{B7390165-8821-403E-9302-9142B9142946}.Release|x86.Build.0 = Release|Any CPU
		{289FAC62-5ADC-484F-889F-521994B07FAD}.Debug|Any CPU.ActiveCfg = Debug|Any CPU
		{289FAC62-5ADC-484F-889F-521994B07FAD}.Debug|Any CPU.Build.0 = Debug|Any CPU
		{289FAC62-5ADC-484F-889F-521994B07FAD}.Debug|x64.ActiveCfg = Debug|Any CPU
		{289FAC62-5ADC-484F-889F-521994B07FAD}.Debug|x64.Build.0 = Debug|Any CPU
		{289FAC62-5ADC-484F-889F-521994B07FAD}.Debug|x86.ActiveCfg = Debug|Any CPU
		{289FAC62-5ADC-484F-889F-521994B07FAD}.Debug|x86.Build.0 = Debug|Any CPU
		{289FAC62-5ADC-484F-889F-521994B07FAD}.Release|Any CPU.ActiveCfg = Release|Any CPU
		{289FAC62-5ADC-484F-889F-521994B07FAD}.Release|Any CPU.Build.0 = Release|Any CPU
		{289FAC62-5ADC-484F-889F-521994B07FAD}.Release|x64.ActiveCfg = Release|Any CPU
		{289FAC62-5ADC-484F-889F-521994B07FAD}.Release|x64.Build.0 = Release|Any CPU
		{289FAC62-5ADC-484F-889F-521994B07FAD}.Release|x86.ActiveCfg = Release|Any CPU
		{289FAC62-5ADC-484F-889F-521994B07FAD}.Release|x86.Build.0 = Release|Any CPU
	EndGlobalSection
	GlobalSection(SolutionProperties) = preSolution
		HideSolutionNode = FALSE
	EndGlobalSection
	GlobalSection(ExtensibilityGlobals) = postSolution
		SolutionGuid = {43DC0E9D-AC26-4F5B-A05C-3E91249B8365}
	EndGlobalSection
EndGlobal
