Microsoft Visual Studio Solution File, Format Version 12.00
# Visual Studio Version 17
VisualStudioVersion = 17.13.35617.110
MinimumVisualStudioVersion = 10.0.40219.1
Project("{FAE04EC0-301F-11D3-BF4B-00C04F79EFBC}") = "NetFirewall.AppHost", "NetFirewall.AppHost\NetFirewall.AppHost.csproj", "{D4DF57A3-4599-411B-A72D-58D60CD87510}"
EndProject
Project("{FAE04EC0-301F-11D3-BF4B-00C04F79EFBC}") = "NetFirewall.ServiceDefaults", "NetFirewall.ServiceDefaults\NetFirewall.ServiceDefaults.csproj", "{44E660FF-B4BB-304E-CFE9-3F42C89452D7}"
EndProject
Project("{FAE04EC0-301F-11D3-BF4B-00C04F79EFBC}") = "NetFirewall.ApiService", "NetFirewall.ApiService\NetFirewall.ApiService.csproj", "{351BFA5B-F2B9-69FE-FE70-771FAD0AC7CC}"
EndProject
Project("{FAE04EC0-301F-11D3-BF4B-00C04F79EFBC}") = "NetFirewall.Tests", "NetFirewall.Tests\NetFirewall.Tests.csproj", "{45C94220-B77B-FB0C-D56C-E046A323E480}"
EndProject
Project("{FAE04EC0-301F-11D3-BF4B-00C04F79EFBC}") = "NetFirewall.Web", "NetFirewall.Web\NetFirewall.Web.csproj", "{2947C65C-3774-7657-09B2-EF871BD787D2}"
EndProject
Project("{FAE04EC0-301F-11D3-BF4B-00C04F79EFBC}") = "NetFirewall.DhcpServer", "NetFirewall.DhcpServer\NetFirewall.DhcpServer.csproj", "{3ACEF926-ED12-B639-AC0D-64E64A61A49F}"
EndProject
Project("{FAE04EC0-301F-11D3-BF4B-00C04F79EFBC}") = "NetFirewall.Services", "NetFirewall.Services\NetFirewall.Services.csproj", "{CA0779DD-169F-4B26-82B9-6B88BC489860}"
EndProject
Project("{FAE04EC0-301F-11D3-BF4B-00C04F79EFBC}") = "NetFirewall.Models", "NetFirewall.Models\NetFirewall.Models.csproj", "{0EA0CAD8-E77A-4DFF-B8D3-69DC0CA0E186}"
EndProject
Global
	GlobalSection(SolutionConfigurationPlatforms) = preSolution
		Debug|Any CPU = Debug|Any CPU
		Release|Any CPU = Release|Any CPU
	EndGlobalSection
	GlobalSection(ProjectConfigurationPlatforms) = postSolution
		{D4DF57A3-4599-411B-A72D-58D60CD87510}.Debug|Any CPU.ActiveCfg = Debug|Any CPU
		{D4DF57A3-4599-411B-A72D-58D60CD87510}.Debug|Any CPU.Build.0 = Debug|Any CPU
		{D4DF57A3-4599-411B-A72D-58D60CD87510}.Release|Any CPU.ActiveCfg = Release|Any CPU
		{D4DF57A3-4599-411B-A72D-58D60CD87510}.Release|Any CPU.Build.0 = Release|Any CPU
		{44E660FF-B4BB-304E-CFE9-3F42C89452D7}.Debug|Any CPU.ActiveCfg = Debug|Any CPU
		{44E660FF-B4BB-304E-CFE9-3F42C89452D7}.Debug|Any CPU.Build.0 = Debug|Any CPU
		{44E660FF-B4BB-304E-CFE9-3F42C89452D7}.Release|Any CPU.ActiveCfg = Release|Any CPU
		{44E660FF-B4BB-304E-CFE9-3F42C89452D7}.Release|Any CPU.Build.0 = Release|Any CPU
		{351BFA5B-F2B9-69FE-FE70-771FAD0AC7CC}.Debug|Any CPU.ActiveCfg = Debug|Any CPU
		{351BFA5B-F2B9-69FE-FE70-771FAD0AC7CC}.Debug|Any CPU.Build.0 = Debug|Any CPU
		{351BFA5B-F2B9-69FE-FE70-771FAD0AC7CC}.Release|Any CPU.ActiveCfg = Release|Any CPU
		{351BFA5B-F2B9-69FE-FE70-771FAD0AC7CC}.Release|Any CPU.Build.0 = Release|Any CPU
		{45C94220-B77B-FB0C-D56C-E046A323E480}.Debug|Any CPU.ActiveCfg = Debug|Any CPU
		{45C94220-B77B-FB0C-D56C-E046A323E480}.Debug|Any CPU.Build.0 = Debug|Any CPU
		{45C94220-B77B-FB0C-D56C-E046A323E480}.Release|Any CPU.ActiveCfg = Release|Any CPU
		{45C94220-B77B-FB0C-D56C-E046A323E480}.Release|Any CPU.Build.0 = Release|Any CPU
		{2947C65C-3774-7657-09B2-EF871BD787D2}.Debug|Any CPU.ActiveCfg = Debug|Any CPU
		{2947C65C-3774-7657-09B2-EF871BD787D2}.Debug|Any CPU.Build.0 = Debug|Any CPU
		{2947C65C-3774-7657-09B2-EF871BD787D2}.Release|Any CPU.ActiveCfg = Release|Any CPU
		{2947C65C-3774-7657-09B2-EF871BD787D2}.Release|Any CPU.Build.0 = Release|Any CPU
		{3ACEF926-ED12-B639-AC0D-64E64A61A49F}.Debug|Any CPU.ActiveCfg = Debug|Any CPU
		{3ACEF926-ED12-B639-AC0D-64E64A61A49F}.Debug|Any CPU.Build.0 = Debug|Any CPU
		{3ACEF926-ED12-B639-AC0D-64E64A61A49F}.Release|Any CPU.ActiveCfg = Release|Any CPU
		{3ACEF926-ED12-B639-AC0D-64E64A61A49F}.Release|Any CPU.Build.0 = Release|Any CPU
		{CA0779DD-169F-4B26-82B9-6B88BC489860}.Debug|Any CPU.ActiveCfg = Debug|Any CPU
		{CA0779DD-169F-4B26-82B9-6B88BC489860}.Debug|Any CPU.Build.0 = Debug|Any CPU
		{CA0779DD-169F-4B26-82B9-6B88BC489860}.Release|Any CPU.ActiveCfg = Release|Any CPU
		{CA0779DD-169F-4B26-82B9-6B88BC489860}.Release|Any CPU.Build.0 = Release|Any CPU
		{0EA0CAD8-E77A-4DFF-B8D3-69DC0CA0E186}.Debug|Any CPU.ActiveCfg = Debug|Any CPU
		{0EA0CAD8-E77A-4DFF-B8D3-69DC0CA0E186}.Debug|Any CPU.Build.0 = Debug|Any CPU
		{0EA0CAD8-E77A-4DFF-B8D3-69DC0CA0E186}.Release|Any CPU.ActiveCfg = Release|Any CPU
		{0EA0CAD8-E77A-4DFF-B8D3-69DC0CA0E186}.Release|Any CPU.Build.0 = Release|Any CPU
	EndGlobalSection
	GlobalSection(SolutionProperties) = preSolution
		HideSolutionNode = FALSE
	EndGlobalSection
	GlobalSection(ExtensibilityGlobals) = postSolution
		SolutionGuid = {43DC0E9D-AC26-4F5B-A05C-3E91249B8365}
	EndGlobalSection
EndGlobal
